# This file is autogenerated, do not edit; changes may be undone by the next 'dep ensure'.


[[projects]]
  digest = "1:4b94878e125f31ec67c892ecfe38c13211da40653281588598218f807ae72bf7"
  name = "github.com/360EntSecGroup-Skylar/excelize"
  packages = ["."]
  pruneopts = "UT"
  revision = "eb62256d165607c6877ce88efbba10c119137b3d"
  version = "v1.3.0"

[solve-meta]
  analyzer-name = "dep"
  analyzer-version = 1
  input-imports = ["github.com/360EntSecGroup-Skylar/excelize"]
  solver-name = "gps-cdcl"
  solver-version = 1
